
Microsoft Visual Studio Solution File, Format Version 12.00
# Visual Studio 15
VisualStudioVersion = 15.0.26730.12
MinimumVisualStudioVersion = 10.0.40219.1
Project("{FAE04EC0-301F-11D3-BF4B-00C04F79EFBC}") = "AzureSecureApp", "AzureSecureApp\AzureSecureApp.csproj", "{E0DDB0FB-013B-41DE-96DE-ABEF2EC37532}"
EndProject
Global
	GlobalSection(SolutionConfigurationPlatforms) = preSolution
		Debug|Any CPU = Debug|Any CPU
		Release|Any CPU = Release|Any CPU
	EndGlobalSection
	GlobalSection(ProjectConfigurationPlatforms) = postSolution
		{E0DDB0FB-013B-41DE-96DE-ABEF2EC37532}.Debug|Any CPU.ActiveCfg = Debug|Any CPU
		{E0DDB0FB-013B-41DE-96DE-ABEF2EC37532}.Debug|Any CPU.Build.0 = Debug|Any CPU
		{E0DDB0FB-013B-41DE-96DE-ABEF2EC37532}.Release|Any CPU.ActiveCfg = Release|Any CPU
		{E0DDB0FB-013B-41DE-96DE-ABEF2EC37532}.Release|Any CPU.Build.0 = Release|Any CPU
	EndGlobalSection
	GlobalSection(SolutionProperties) = preSolution
		HideSolutionNode = FALSE
	EndGlobalSection
	GlobalSection(ExtensibilityGlobals) = postSolution
		SolutionGuid = {B7138DA0-DBD0-40A8-8017-728255BA2D06}
	EndGlobalSection
EndGlobal
